// !$*UTF8*$!
{
	archiveVersion = 1;
	classes = {
	};
	objectVersion = 56;
	objects = {

/* Begin PBXBuildFile section */
		15ED954E6661E87818075200 /* Pods_Clima_ClimaUITests.framework in Frameworks */ = {isa = PBXBuildFile; fileRef = C7CF0DC7EDCD66256ACE8CDB /* Pods_Clima_ClimaUITests.framework */; };
		A08CCEE8E6924C72D9C1A827 /* Pods_ClimaTests.framework in Frameworks */ = {isa = PBXBuildFile; fileRef = 7F305CDF1C8659AF0E094DF7 /* Pods_ClimaTests.framework */; };
		A5705220299B6F2900E22FD3 /* AppDelegate.swift in Sources */ = {isa = PBXBuildFile; fileRef = A570521F299B6F2900E22FD3 /* AppDelegate.swift */; };
		A5705222299B6F2900E22FD3 /* SceneDelegate.swift in Sources */ = {isa = PBXBuildFile; fileRef = A5705221299B6F2900E22FD3 /* SceneDelegate.swift */; };
		A5705224299B6F2900E22FD3 /* ViewController.swift in Sources */ = {isa = PBXBuildFile; fileRef = A5705223299B6F2900E22FD3 /* ViewController.swift */; };
		A5705227299B6F2900E22FD3 /* Main.storyboard in Resources */ = {isa = PBXBuildFile; fileRef = A5705225299B6F2900E22FD3 /* Main.storyboard */; };
		A5705229299B6F2A00E22FD3 /* Assets.xcassets in Resources */ = {isa = PBXBuildFile; fileRef = A5705228299B6F2A00E22FD3 /* Assets.xcassets */; };
		A570522C299B6F2A00E22FD3 /* LaunchScreen.storyboard in Resources */ = {isa = PBXBuildFile; fileRef = A570522A299B6F2A00E22FD3 /* LaunchScreen.storyboard */; };
		A5705237299B6F2A00E22FD3 /* ClimaTests.swift in Sources */ = {isa = PBXBuildFile; fileRef = A5705236299B6F2A00E22FD3 /* ClimaTests.swift */; };
		A5705241299B6F2A00E22FD3 /* ClimaUITests.swift in Sources */ = {isa = PBXBuildFile; fileRef = A5705240299B6F2A00E22FD3 /* ClimaUITests.swift */; };
		A5705243299B6F2A00E22FD3 /* ClimaUITestsLaunchTests.swift in Sources */ = {isa = PBXBuildFile; fileRef = A5705242299B6F2A00E22FD3 /* ClimaUITestsLaunchTests.swift */; };
		A5705258299D631300E22FD3 /* WeatherManager.swift in Sources */ = {isa = PBXBuildFile; fileRef = A5705257299D631300E22FD3 /* WeatherManager.swift */; };
		A570525A29A022E300E22FD3 /* WeatherData.swift in Sources */ = {isa = PBXBuildFile; fileRef = A570525929A022E300E22FD3 /* WeatherData.swift */; };
		A570525C29A35A3100E22FD3 /* WeatherModel.swift in Sources */ = {isa = PBXBuildFile; fileRef = A570525B29A35A3100E22FD3 /* WeatherModel.swift */; };
		E8B52FD5D570EA68777BD0F9 /* Pods_Clima.framework in Frameworks */ = {isa = PBXBuildFile; fileRef = E89F80A5ECAB1B382C948C09 /* Pods_Clima.framework */; };
/* End PBXBuildFile section */

/* Begin PBXContainerItemProxy section */
		A5705233299B6F2A00E22FD3 /* PBXContainerItemProxy */ = {
			isa = PBXContainerItemProxy;
			containerPortal = A5705214299B6F2900E22FD3 /* Project object */;
			proxyType = 1;
			remoteGlobalIDString = A570521B299B6F2900E22FD3;
			remoteInfo = Clima;
		};
		A570523D299B6F2A00E22FD3 /* PBXContainerItemProxy */ = {
			isa = PBXContainerItemProxy;
			containerPortal = A5705214299B6F2900E22FD3 /* Project object */;
			proxyType = 1;
			remoteGlobalIDString = A570521B299B6F2900E22FD3;
			remoteInfo = Clima;
		};
/* End PBXContainerItemProxy section */

/* Begin PBXFileReference section */
		0D9C1A1E6BC6162F40FD46BC /* Pods-ClimaTests.debug.xcconfig */ = {isa = PBXFileReference; includeInIndex = 1; lastKnownFileType = text.xcconfig; name = "Pods-ClimaTests.debug.xcconfig"; path = "Target Support Files/Pods-ClimaTests/Pods-ClimaTests.debug.xcconfig"; sourceTree = "<group>"; };
		620EFF7B32721EBAA67ECF46 /* Pods-Clima.release.xcconfig */ = {isa = PBXFileReference; includeInIndex = 1; lastKnownFileType = text.xcconfig; name = "Pods-Clima.release.xcconfig"; path = "Target Support Files/Pods-Clima/Pods-Clima.release.xcconfig"; sourceTree = "<group>"; };
		62AA5BB200FD9635AF5335A8 /* Pods-Clima.debug.xcconfig */ = {isa = PBXFileReference; includeInIndex = 1; lastKnownFileType = text.xcconfig; name = "Pods-Clima.debug.xcconfig"; path = "Target Support Files/Pods-Clima/Pods-Clima.debug.xcconfig"; sourceTree = "<group>"; };
		7F305CDF1C8659AF0E094DF7 /* Pods_ClimaTests.framework */ = {isa = PBXFileReference; explicitFileType = wrapper.framework; includeInIndex = 0; path = Pods_ClimaTests.framework; sourceTree = BUILT_PRODUCTS_DIR; };
		938894CD744B0382C794103B /* Pods-ClimaTests.release.xcconfig */ = {isa = PBXFileReference; includeInIndex = 1; lastKnownFileType = text.xcconfig; name = "Pods-ClimaTests.release.xcconfig"; path = "Target Support Files/Pods-ClimaTests/Pods-ClimaTests.release.xcconfig"; sourceTree = "<group>"; };
		9B6CF62DC24C6BE37AFEED92 /* Pods-Clima-ClimaUITests.release.xcconfig */ = {isa = PBXFileReference; includeInIndex = 1; lastKnownFileType = text.xcconfig; name = "Pods-Clima-ClimaUITests.release.xcconfig"; path = "Target Support Files/Pods-Clima-ClimaUITests/Pods-Clima-ClimaUITests.release.xcconfig"; sourceTree = "<group>"; };
		A570521C299B6F2900E22FD3 /* Clima.app */ = {isa = PBXFileReference; explicitFileType = wrapper.application; includeInIndex = 0; path = Clima.app; sourceTree = BUILT_PRODUCTS_DIR; };
		A570521F299B6F2900E22FD3 /* AppDelegate.swift */ = {isa = PBXFileReference; lastKnownFileType = sourcecode.swift; path = AppDelegate.swift; sourceTree = "<group>"; };
		A5705221299B6F2900E22FD3 /* SceneDelegate.swift */ = {isa = PBXFileReference; lastKnownFileType = sourcecode.swift; path = SceneDelegate.swift; sourceTree = "<group>"; };
		A5705223299B6F2900E22FD3 /* ViewController.swift */ = {isa = PBXFileReference; lastKnownFileType = sourcecode.swift; path = ViewController.swift; sourceTree = "<group>"; };
		A5705226299B6F2900E22FD3 /* Base */ = {isa = PBXFileReference; lastKnownFileType = file.storyboard; name = Base; path = Base.lproj/Main.storyboard; sourceTree = "<group>"; };
		A5705228299B6F2A00E22FD3 /* Assets.xcassets */ = {isa = PBXFileReference; lastKnownFileType = folder.assetcatalog; path = Assets.xcassets; sourceTree = "<group>"; };
		A570522B299B6F2A00E22FD3 /* Base */ = {isa = PBXFileReference; lastKnownFileType = file.storyboard; name = Base; path = Base.lproj/LaunchScreen.storyboard; sourceTree = "<group>"; };
		A570522D299B6F2A00E22FD3 /* Info.plist */ = {isa = PBXFileReference; lastKnownFileType = text.plist.xml; path = Info.plist; sourceTree = "<group>"; };
		A5705232299B6F2A00E22FD3 /* ClimaTests.xctest */ = {isa = PBXFileReference; explicitFileType = wrapper.cfbundle; includeInIndex = 0; path = ClimaTests.xctest; sourceTree = BUILT_PRODUCTS_DIR; };
		A5705236299B6F2A00E22FD3 /* ClimaTests.swift */ = {isa = PBXFileReference; lastKnownFileType = sourcecode.swift; path = ClimaTests.swift; sourceTree = "<group>"; };
		A570523C299B6F2A00E22FD3 /* ClimaUITests.xctest */ = {isa = PBXFileReference; explicitFileType = wrapper.cfbundle; includeInIndex = 0; path = ClimaUITests.xctest; sourceTree = BUILT_PRODUCTS_DIR; };
		A5705240299B6F2A00E22FD3 /* ClimaUITests.swift */ = {isa = PBXFileReference; lastKnownFileType = sourcecode.swift; path = ClimaUITests.swift; sourceTree = "<group>"; };
		A5705242299B6F2A00E22FD3 /* ClimaUITestsLaunchTests.swift */ = {isa = PBXFileReference; lastKnownFileType = sourcecode.swift; path = ClimaUITestsLaunchTests.swift; sourceTree = "<group>"; };
		A5705255299BB15800E22FD3 /* dark_background.pdf */ = {isa = PBXFileReference; lastKnownFileType = image.pdf; path = dark_background.pdf; sourceTree = "<group>"; };
		A5705256299BB15800E22FD3 /* light_background.pdf */ = {isa = PBXFileReference; lastKnownFileType = image.pdf; path = light_background.pdf; sourceTree = "<group>"; };
		A5705257299D631300E22FD3 /* WeatherManager.swift */ = {isa = PBXFileReference; lastKnownFileType = sourcecode.swift; path = WeatherManager.swift; sourceTree = "<group>"; };
		A570525929A022E300E22FD3 /* WeatherData.swift */ = {isa = PBXFileReference; lastKnownFileType = sourcecode.swift; path = WeatherData.swift; sourceTree = "<group>"; };
		A570525B29A35A3100E22FD3 /* WeatherModel.swift */ = {isa = PBXFileReference; lastKnownFileType = sourcecode.swift; path = WeatherModel.swift; sourceTree = "<group>"; };
		C32138348F3DB6FE142626DC /* Pods-Clima-ClimaUITests.debug.xcconfig */ = {isa = PBXFileReference; includeInIndex = 1; lastKnownFileType = text.xcconfig; name = "Pods-Clima-ClimaUITests.debug.xcconfig"; path = "Target Support Files/Pods-Clima-ClimaUITests/Pods-Clima-ClimaUITests.debug.xcconfig"; sourceTree = "<group>"; };
		C7CF0DC7EDCD66256ACE8CDB /* Pods_Clima_ClimaUITests.framework */ = {isa = PBXFileReference; explicitFileType = wrapper.framework; includeInIndex = 0; path = Pods_Clima_ClimaUITests.framework; sourceTree = BUILT_PRODUCTS_DIR; };
		E89F80A5ECAB1B382C948C09 /* Pods_Clima.framework */ = {isa = PBXFileReference; explicitFileType = wrapper.framework; includeInIndex = 0; path = Pods_Clima.framework; sourceTree = BUILT_PRODUCTS_DIR; };
/* End PBXFileReference section */

/* Begin PBXFrameworksBuildPhase section */
		A5705219299B6F2900E22FD3 /* Frameworks */ = {
			isa = PBXFrameworksBuildPhase;
			buildActionMask = 2147483647;
			files = (
				E8B52FD5D570EA68777BD0F9 /* Pods_Clima.framework in Frameworks */,
			);
			runOnlyForDeploymentPostprocessing = 0;
		};
		A570522F299B6F2A00E22FD3 /* Frameworks */ = {
			isa = PBXFrameworksBuildPhase;
			buildActionMask = 2147483647;
			files = (
				A08CCEE8E6924C72D9C1A827 /* Pods_ClimaTests.framework in Frameworks */,
			);
			runOnlyForDeploymentPostprocessing = 0;
		};
		A5705239299B6F2A00E22FD3 /* Frameworks */ = {
			isa = PBXFrameworksBuildPhase;
			buildActionMask = 2147483647;
			files = (
				15ED954E6661E87818075200 /* Pods_Clima_ClimaUITests.framework in Frameworks */,
			);
			runOnlyForDeploymentPostprocessing = 0;
		};
/* End PBXFrameworksBuildPhase section */

/* Begin PBXGroup section */
		2D8ADD1E2545535776FADBCA /* Pods */ = {
			isa = PBXGroup;
			children = (
				62AA5BB200FD9635AF5335A8 /* Pods-Clima.debug.xcconfig */,
				620EFF7B32721EBAA67ECF46 /* Pods-Clima.release.xcconfig */,
				C32138348F3DB6FE142626DC /* Pods-Clima-ClimaUITests.debug.xcconfig */,
				9B6CF62DC24C6BE37AFEED92 /* Pods-Clima-ClimaUITests.release.xcconfig */,
				0D9C1A1E6BC6162F40FD46BC /* Pods-ClimaTests.debug.xcconfig */,
				938894CD744B0382C794103B /* Pods-ClimaTests.release.xcconfig */,
			);
			path = Pods;
			sourceTree = "<group>";
		};
		48B1993B47471E51A0D32839 /* Frameworks */ = {
			isa = PBXGroup;
			children = (
				E89F80A5ECAB1B382C948C09 /* Pods_Clima.framework */,
				C7CF0DC7EDCD66256ACE8CDB /* Pods_Clima_ClimaUITests.framework */,
				7F305CDF1C8659AF0E094DF7 /* Pods_ClimaTests.framework */,
			);
			name = Frameworks;
			sourceTree = "<group>";
		};
		A5705213299B6F2900E22FD3 = {
			isa = PBXGroup;
			children = (
				A570521E299B6F2900E22FD3 /* Clima */,
				A5705235299B6F2A00E22FD3 /* ClimaTests */,
				A570523F299B6F2A00E22FD3 /* ClimaUITests */,
				A570521D299B6F2900E22FD3 /* Products */,
				2D8ADD1E2545535776FADBCA /* Pods */,
				48B1993B47471E51A0D32839 /* Frameworks */,
			);
			sourceTree = "<group>";
		};
		A570521D299B6F2900E22FD3 /* Products */ = {
			isa = PBXGroup;
			children = (
				A570521C299B6F2900E22FD3 /* Clima.app */,
				A5705232299B6F2A00E22FD3 /* ClimaTests.xctest */,
				A570523C299B6F2A00E22FD3 /* ClimaUITests.xctest */,
			);
			name = Products;
			sourceTree = "<group>";
		};
		A570521E299B6F2900E22FD3 /* Clima */ = {
			isa = PBXGroup;
			children = (
				A570521F299B6F2900E22FD3 /* AppDelegate.swift */,
				A5705221299B6F2900E22FD3 /* SceneDelegate.swift */,
				A570524F299B702600E22FD3 /* View */,
				A5705252299B705D00E22FD3 /* Services */,
				A5705251299B703A00E22FD3 /* Model */,
				A5705250299B703100E22FD3 /* Controller */,
				A5705228299B6F2A00E22FD3 /* Assets.xcassets */,
				A570522A299B6F2A00E22FD3 /* LaunchScreen.storyboard */,
				A570522D299B6F2A00E22FD3 /* Info.plist */,
				A5705255299BB15800E22FD3 /* dark_background.pdf */,
				A5705256299BB15800E22FD3 /* light_background.pdf */,
			);
			path = Clima;
			sourceTree = "<group>";
		};
		A5705235299B6F2A00E22FD3 /* ClimaTests */ = {
			isa = PBXGroup;
			children = (
				A5705236299B6F2A00E22FD3 /* ClimaTests.swift */,
			);
			path = ClimaTests;
			sourceTree = "<group>";
		};
		A570523F299B6F2A00E22FD3 /* ClimaUITests */ = {
			isa = PBXGroup;
			children = (
				A5705240299B6F2A00E22FD3 /* ClimaUITests.swift */,
				A5705242299B6F2A00E22FD3 /* ClimaUITestsLaunchTests.swift */,
			);
			path = ClimaUITests;
			sourceTree = "<group>";
		};
		A570524F299B702600E22FD3 /* View */ = {
			isa = PBXGroup;
			children = (
				A5705225299B6F2900E22FD3 /* Main.storyboard */,
			);
			path = View;
			sourceTree = "<group>";
		};
		A5705250299B703100E22FD3 /* Controller */ = {
			isa = PBXGroup;
			children = (
				A5705223299B6F2900E22FD3 /* ViewController.swift */,
			);
			path = Controller;
			sourceTree = "<group>";
		};
		A5705251299B703A00E22FD3 /* Model */ = {
			isa = PBXGroup;
			children = (
				A5705257299D631300E22FD3 /* WeatherManager.swift */,
				A570525929A022E300E22FD3 /* WeatherData.swift */,
				A570525B29A35A3100E22FD3 /* WeatherModel.swift */,
			);
			path = Model;
			sourceTree = "<group>";
		};
		A5705252299B705D00E22FD3 /* Services */ = {
			isa = PBXGroup;
			children = (
			);
			path = Services;
			sourceTree = "<group>";
		};
/* End PBXGroup section */

/* Begin PBXNativeTarget section */
		A570521B299B6F2900E22FD3 /* Clima */ = {
			isa = PBXNativeTarget;
			buildConfigurationList = A5705246299B6F2A00E22FD3 /* Build configuration list for PBXNativeTarget "Clima" */;
			buildPhases = (
				E64E7B9D0F04F5E8367CBBD2 /* [CP] Check Pods Manifest.lock */,
				A5705218299B6F2900E22FD3 /* Sources */,
				A5705219299B6F2900E22FD3 /* Frameworks */,
				A570521A299B6F2900E22FD3 /* Resources */,
				53FD43368FE95A2704A6C931 /* [CP] Embed Pods Frameworks */,
			);
			buildRules = (
			);
			dependencies = (
			);
			name = Clima;
			productName = Clima;
			productReference = A570521C299B6F2900E22FD3 /* Clima.app */;
			productType = "com.apple.product-type.application";
		};
		A5705231299B6F2A00E22FD3 /* ClimaTests */ = {
			isa = PBXNativeTarget;
			buildConfigurationList = A5705249299B6F2A00E22FD3 /* Build configuration list for PBXNativeTarget "ClimaTests" */;
			buildPhases = (
				8D3C5A6781722737F63DC94A /* [CP] Check Pods Manifest.lock */,
				A570522E299B6F2A00E22FD3 /* Sources */,
				A570522F299B6F2A00E22FD3 /* Frameworks */,
				A5705230299B6F2A00E22FD3 /* Resources */,
				EA18368FC6FAF53CCF94F8D4 /* [CP] Embed Pods Frameworks */,
			);
			buildRules = (
			);
			dependencies = (
				A5705234299B6F2A00E22FD3 /* PBXTargetDependency */,
			);
			name = ClimaTests;
			productName = ClimaTests;
			productReference = A5705232299B6F2A00E22FD3 /* ClimaTests.xctest */;
			productType = "com.apple.product-type.bundle.unit-test";
		};
		A570523B299B6F2A00E22FD3 /* ClimaUITests */ = {
			isa = PBXNativeTarget;
			buildConfigurationList = A570524C299B6F2A00E22FD3 /* Build configuration list for PBXNativeTarget "ClimaUITests" */;
			buildPhases = (
				37E2E5F60AA8114264F8338D /* [CP] Check Pods Manifest.lock */,
				A5705238299B6F2A00E22FD3 /* Sources */,
				A5705239299B6F2A00E22FD3 /* Frameworks */,
				A570523A299B6F2A00E22FD3 /* Resources */,
				51A8D91BD307C4BBC38E524C /* [CP] Embed Pods Frameworks */,
			);
			buildRules = (
			);
			dependencies = (
				A570523E299B6F2A00E22FD3 /* PBXTargetDependency */,
			);
			name = ClimaUITests;
			productName = ClimaUITests;
			productReference = A570523C299B6F2A00E22FD3 /* ClimaUITests.xctest */;
			productType = "com.apple.product-type.bundle.ui-testing";
		};
/* End PBXNativeTarget section */

/* Begin PBXProject section */
		A5705214299B6F2900E22FD3 /* Project object */ = {
			isa = PBXProject;
			attributes = {
				BuildIndependentTargetsInParallel = 1;
				LastSwiftUpdateCheck = 1420;
				LastUpgradeCheck = 1420;
				TargetAttributes = {
					A570521B299B6F2900E22FD3 = {
						CreatedOnToolsVersion = 14.2;
					};
					A5705231299B6F2A00E22FD3 = {
						CreatedOnToolsVersion = 14.2;
						TestTargetID = A570521B299B6F2900E22FD3;
					};
					A570523B299B6F2A00E22FD3 = {
						CreatedOnToolsVersion = 14.2;
						TestTargetID = A570521B299B6F2900E22FD3;
					};
				};
			};
			buildConfigurationList = A5705217299B6F2900E22FD3 /* Build configuration list for PBXProject "Clima" */;
			compatibilityVersion = "Xcode 14.0";
			developmentRegion = en;
			hasScannedForEncodings = 0;
			knownRegions = (
				en,
				Base,
			);
			mainGroup = A5705213299B6F2900E22FD3;
			productRefGroup = A570521D299B6F2900E22FD3 /* Products */;
			projectDirPath = "";
			projectRoot = "";
			targets = (
				A570521B299B6F2900E22FD3 /* Clima */,
				A5705231299B6F2A00E22FD3 /* ClimaTests */,
				A570523B299B6F2A00E22FD3 /* ClimaUITests */,
			);
		};
/* End PBXProject section */

/* Begin PBXResourcesBuildPhase section */
		A570521A299B6F2900E22FD3 /* Resources */ = {
			isa = PBXResourcesBuildPhase;
			buildActionMask = 2147483647;
			files = (
				A570522C299B6F2A00E22FD3 /* LaunchScreen.storyboard in Resources */,
				A5705229299B6F2A00E22FD3 /* Assets.xcassets in Resources */,
				A5705227299B6F2900E22FD3 /* Main.storyboard in Resources */,
			);
			runOnlyForDeploymentPostprocessing = 0;
		};
		A5705230299B6F2A00E22FD3 /* Resources */ = {
			isa = PBXResourcesBuildPhase;
			buildActionMask = 2147483647;
			files = (
			);
			runOnlyForDeploymentPostprocessing = 0;
		};
		A570523A299B6F2A00E22FD3 /* Resources */ = {
			isa = PBXResourcesBuildPhase;
			buildActionMask = 2147483647;
			files = (
			);
			runOnlyForDeploymentPostprocessing = 0;
		};
/* End PBXResourcesBuildPhase section */

/* Begin PBXShellScriptBuildPhase section */
		37E2E5F60AA8114264F8338D /* [CP] Check Pods Manifest.lock */ = {
			isa = PBXShellScriptBuildPhase;
			buildActionMask = 2147483647;
			files = (
			);
			inputFileListPaths = (
			);
			inputPaths = (
				"${PODS_PODFILE_DIR_PATH}/Podfile.lock",
				"${PODS_ROOT}/Manifest.lock",
			);
			name = "[CP] Check Pods Manifest.lock";
			outputFileListPaths = (
			);
			outputPaths = (
				"$(DERIVED_FILE_DIR)/Pods-Clima-ClimaUITests-checkManifestLockResult.txt",
			);
			runOnlyForDeploymentPostprocessing = 0;
			shellPath = /bin/sh;
			shellScript = "diff \"${PODS_PODFILE_DIR_PATH}/Podfile.lock\" \"${PODS_ROOT}/Manifest.lock\" > /dev/null\nif [ $? != 0 ] ; then\n    # print error to STDERR\n    echo \"error: The sandbox is not in sync with the Podfile.lock. Run 'pod install' or update your CocoaPods installation.\" >&2\n    exit 1\nfi\n# This output is used by Xcode 'outputs' to avoid re-running this script phase.\necho \"SUCCESS\" > \"${SCRIPT_OUTPUT_FILE_0}\"\n";
			showEnvVarsInLog = 0;
		};
		51A8D91BD307C4BBC38E524C /* [CP] Embed Pods Frameworks */ = {
			isa = PBXShellScriptBuildPhase;
			buildActionMask = 2147483647;
			files = (
			);
			inputFileListPaths = (
				"${PODS_ROOT}/Target Support Files/Pods-Clima-ClimaUITests/Pods-Clima-ClimaUITests-frameworks-${CONFIGURATION}-input-files.xcfilelist",
			);
			name = "[CP] Embed Pods Frameworks";
			outputFileListPaths = (
				"${PODS_ROOT}/Target Support Files/Pods-Clima-ClimaUITests/Pods-Clima-ClimaUITests-frameworks-${CONFIGURATION}-output-files.xcfilelist",
			);
			runOnlyForDeploymentPostprocessing = 0;
			shellPath = /bin/sh;
			shellScript = "\"${PODS_ROOT}/Target Support Files/Pods-Clima-ClimaUITests/Pods-Clima-ClimaUITests-frameworks.sh\"\n";
			showEnvVarsInLog = 0;
		};
		53FD43368FE95A2704A6C931 /* [CP] Embed Pods Frameworks */ = {
			isa = PBXShellScriptBuildPhase;
			buildActionMask = 2147483647;
			files = (
			);
			inputFileListPaths = (
				"${PODS_ROOT}/Target Support Files/Pods-Clima/Pods-Clima-frameworks-${CONFIGURATION}-input-files.xcfilelist",
			);
			name = "[CP] Embed Pods Frameworks";
			outputFileListPaths = (
				"${PODS_ROOT}/Target Support Files/Pods-Clima/Pods-Clima-frameworks-${CONFIGURATION}-output-files.xcfilelist",
			);
			runOnlyForDeploymentPostprocessing = 0;
			shellPath = /bin/sh;
			shellScript = "\"${PODS_ROOT}/Target Support Files/Pods-Clima/Pods-Clima-frameworks.sh\"\n";
			showEnvVarsInLog = 0;
		};
		8D3C5A6781722737F63DC94A /* [CP] Check Pods Manifest.lock */ = {
			isa = PBXShellScriptBuildPhase;
			buildActionMask = 2147483647;
			files = (
			);
			inputFileListPaths = (
			);
			inputPaths = (
				"${PODS_PODFILE_DIR_PATH}/Podfile.lock",
				"${PODS_ROOT}/Manifest.lock",
			);
			name = "[CP] Check Pods Manifest.lock";
			outputFileListPaths = (
			);
			outputPaths = (
				"$(DERIVED_FILE_DIR)/Pods-ClimaTests-checkManifestLockResult.txt",
			);
			runOnlyForDeploymentPostprocessing = 0;
			shellPath = /bin/sh;
			shellScript = "diff \"${PODS_PODFILE_DIR_PATH}/Podfile.lock\" \"${PODS_ROOT}/Manifest.lock\" > /dev/null\nif [ $? != 0 ] ; then\n    # print error to STDERR\n    echo \"error: The sandbox is not in sync with the Podfile.lock. Run 'pod install' or update your CocoaPods installation.\" >&2\n    exit 1\nfi\n# This output is used by Xcode 'outputs' to avoid re-running this script phase.\necho \"SUCCESS\" > \"${SCRIPT_OUTPUT_FILE_0}\"\n";
			showEnvVarsInLog = 0;
		};
		E64E7B9D0F04F5E8367CBBD2 /* [CP] Check Pods Manifest.lock */ = {
			isa = PBXShellScriptBuildPhase;
			buildActionMask = 2147483647;
			files = (
			);
			inputFileListPaths = (
			);
			inputPaths = (
				"${PODS_PODFILE_DIR_PATH}/Podfile.lock",
				"${PODS_ROOT}/Manifest.lock",
			);
			name = "[CP] Check Pods Manifest.lock";
			outputFileListPaths = (
			);
			outputPaths = (
				"$(DERIVED_FILE_DIR)/Pods-Clima-checkManifestLockResult.txt",
			);
			runOnlyForDeploymentPostprocessing = 0;
			shellPath = /bin/sh;
			shellScript = "diff \"${PODS_PODFILE_DIR_PATH}/Podfile.lock\" \"${PODS_ROOT}/Manifest.lock\" > /dev/null\nif [ $? != 0 ] ; then\n    # print error to STDERR\n    echo \"error: The sandbox is not in sync with the Podfile.lock. Run 'pod install' or update your CocoaPods installation.\" >&2\n    exit 1\nfi\n# This output is used by Xcode 'outputs' to avoid re-running this script phase.\necho \"SUCCESS\" > \"${SCRIPT_OUTPUT_FILE_0}\"\n";
			showEnvVarsInLog = 0;
		};
		EA18368FC6FAF53CCF94F8D4 /* [CP] Embed Pods Frameworks */ = {
			isa = PBXShellScriptBuildPhase;
			buildActionMask = 2147483647;
			files = (
			);
			inputFileListPaths = (
				"${PODS_ROOT}/Target Support Files/Pods-ClimaTests/Pods-ClimaTests-frameworks-${CONFIGURATION}-input-files.xcfilelist",
			);
			name = "[CP] Embed Pods Frameworks";
			outputFileListPaths = (
				"${PODS_ROOT}/Target Support Files/Pods-ClimaTests/Pods-ClimaTests-frameworks-${CONFIGURATION}-output-files.xcfilelist",
			);
			runOnlyForDeploymentPostprocessing = 0;
			shellPath = /bin/sh;
			shellScript = "\"${PODS_ROOT}/Target Support Files/Pods-ClimaTests/Pods-ClimaTests-frameworks.sh\"\n";
			showEnvVarsInLog = 0;
		};
/* End PBXShellScriptBuildPhase section */

/* Begin PBXSourcesBuildPhase section */
		A5705218299B6F2900E22FD3 /* Sources */ = {
			isa = PBXSourcesBuildPhase;
			buildActionMask = 2147483647;
			files = (
				A5705224299B6F2900E22FD3 /* ViewController.swift in Sources */,
				A570525A29A022E300E22FD3 /* WeatherData.swift in Sources */,
				A5705220299B6F2900E22FD3 /* AppDelegate.swift in Sources */,
				A5705258299D631300E22FD3 /* WeatherManager.swift in Sources */,
				A570525C29A35A3100E22FD3 /* WeatherModel.swift in Sources */,
				A5705222299B6F2900E22FD3 /* SceneDelegate.swift in Sources */,
			);
			runOnlyForDeploymentPostprocessing = 0;
		};
		A570522E299B6F2A00E22FD3 /* Sources */ = {
			isa = PBXSourcesBuildPhase;
			buildActionMask = 2147483647;
			files = (
				A5705237299B6F2A00E22FD3 /* ClimaTests.swift in Sources */,
			);
			runOnlyForDeploymentPostprocessing = 0;
		};
		A5705238299B6F2A00E22FD3 /* Sources */ = {
			isa = PBXSourcesBuildPhase;
			buildActionMask = 2147483647;
			files = (
				A5705241299B6F2A00E22FD3 /* ClimaUITests.swift in Sources */,
				A5705243299B6F2A00E22FD3 /* ClimaUITestsLaunchTests.swift in Sources */,
			);
			runOnlyForDeploymentPostprocessing = 0;
		};
/* End PBXSourcesBuildPhase section */

/* Begin PBXTargetDependency section */
		A5705234299B6F2A00E22FD3 /* PBXTargetDependency */ = {
			isa = PBXTargetDependency;
			target = A570521B299B6F2900E22FD3 /* Clima */;
			targetProxy = A5705233299B6F2A00E22FD3 /* PBXContainerItemProxy */;
		};
		A570523E299B6F2A00E22FD3 /* PBXTargetDependency */ = {
			isa = PBXTargetDependency;
			target = A570521B299B6F2900E22FD3 /* Clima */;
			targetProxy = A570523D299B6F2A00E22FD3 /* PBXContainerItemProxy */;
		};
/* End PBXTargetDependency section */

/* Begin PBXVariantGroup section */
		A5705225299B6F2900E22FD3 /* Main.storyboard */ = {
			isa = PBXVariantGroup;
			children = (
				A5705226299B6F2900E22FD3 /* Base */,
			);
			name = Main.storyboard;
			sourceTree = "<group>";
		};
		A570522A299B6F2A00E22FD3 /* LaunchScreen.storyboard */ = {
			isa = PBXVariantGroup;
			children = (
				A570522B299B6F2A00E22FD3 /* Base */,
			);
			name = LaunchScreen.storyboard;
			sourceTree = "<group>";
		};
/* End PBXVariantGroup section */

/* Begin XCBuildConfiguration section */
		A5705244299B6F2A00E22FD3 /* Debug */ = {
			isa = XCBuildConfiguration;
			buildSettings = {
				ALWAYS_SEARCH_USER_PATHS = NO;
				CLANG_ANALYZER_NONNULL = YES;
				CLANG_ANALYZER_NUMBER_OBJECT_CONVERSION = YES_AGGRESSIVE;
				CLANG_CXX_LANGUAGE_STANDARD = "gnu++20";
				CLANG_ENABLE_MODULES = YES;
				CLANG_ENABLE_OBJC_ARC = YES;
				CLANG_ENABLE_OBJC_WEAK = YES;
				CLANG_WARN_BLOCK_CAPTURE_AUTORELEASING = YES;
				CLANG_WARN_BOOL_CONVERSION = YES;
				CLANG_WARN_COMMA = YES;
				CLANG_WARN_CONSTANT_CONVERSION = YES;
				CLANG_WARN_DEPRECATED_OBJC_IMPLEMENTATIONS = YES;
				CLANG_WARN_DIRECT_OBJC_ISA_USAGE = YES_ERROR;
				CLANG_WARN_DOCUMENTATION_COMMENTS = YES;
				CLANG_WARN_EMPTY_BODY = YES;
				CLANG_WARN_ENUM_CONVERSION = YES;
				CLANG_WARN_INFINITE_RECURSION = YES;
				CLANG_WARN_INT_CONVERSION = YES;
				CLANG_WARN_NON_LITERAL_NULL_CONVERSION = YES;
				CLANG_WARN_OBJC_IMPLICIT_RETAIN_SELF = YES;
				CLANG_WARN_OBJC_LITERAL_CONVERSION = YES;
				CLANG_WARN_OBJC_ROOT_CLASS = YES_ERROR;
				CLANG_WARN_QUOTED_INCLUDE_IN_FRAMEWORK_HEADER = YES;
				CLANG_WARN_RANGE_LOOP_ANALYSIS = YES;
				CLANG_WARN_STRICT_PROTOTYPES = YES;
				CLANG_WARN_SUSPICIOUS_MOVE = YES;
				CLANG_WARN_UNGUARDED_AVAILABILITY = YES_AGGRESSIVE;
				CLANG_WARN_UNREACHABLE_CODE = YES;
				CLANG_WARN__DUPLICATE_METHOD_MATCH = YES;
				COPY_PHASE_STRIP = NO;
				DEBUG_INFORMATION_FORMAT = dwarf;
				ENABLE_STRICT_OBJC_MSGSEND = YES;
				ENABLE_TESTABILITY = YES;
				GCC_C_LANGUAGE_STANDARD = gnu11;
				GCC_DYNAMIC_NO_PIC = NO;
				GCC_NO_COMMON_BLOCKS = YES;
				GCC_OPTIMIZATION_LEVEL = 0;
				GCC_PREPROCESSOR_DEFINITIONS = (
					"DEBUG=1",
					"$(inherited)",
				);
				GCC_WARN_64_TO_32_BIT_CONVERSION = YES;
				GCC_WARN_ABOUT_RETURN_TYPE = YES_ERROR;
				GCC_WARN_UNDECLARED_SELECTOR = YES;
				GCC_WARN_UNINITIALIZED_AUTOS = YES_AGGRESSIVE;
				GCC_WARN_UNUSED_FUNCTION = YES;
				GCC_WARN_UNUSED_VARIABLE = YES;
				IPHONEOS_DEPLOYMENT_TARGET = 16.2;
				MTL_ENABLE_DEBUG_INFO = INCLUDE_SOURCE;
				MTL_FAST_MATH = YES;
				ONLY_ACTIVE_ARCH = YES;
				SDKROOT = iphoneos;
				SWIFT_ACTIVE_COMPILATION_CONDITIONS = DEBUG;
				SWIFT_OPTIMIZATION_LEVEL = "-Onone";
			};
			name = Debug;
		};
		A5705245299B6F2A00E22FD3 /* Release */ = {
			isa = XCBuildConfiguration;
			buildSettings = {
				ALWAYS_SEARCH_USER_PATHS = NO;
				CLANG_ANALYZER_NONNULL = YES;
				CLANG_ANALYZER_NUMBER_OBJECT_CONVERSION = YES_AGGRESSIVE;
				CLANG_CXX_LANGUAGE_STANDARD = "gnu++20";
				CLANG_ENABLE_MODULES = YES;
				CLANG_ENABLE_OBJC_ARC = YES;
				CLANG_ENABLE_OBJC_WEAK = YES;
				CLANG_WARN_BLOCK_CAPTURE_AUTORELEASING = YES;
				CLANG_WARN_BOOL_CONVERSION = YES;
				CLANG_WARN_COMMA = YES;
				CLANG_WARN_CONSTANT_CONVERSION = YES;
				CLANG_WARN_DEPRECATED_OBJC_IMPLEMENTATIONS = YES;
				CLANG_WARN_DIRECT_OBJC_ISA_USAGE = YES_ERROR;
				CLANG_WARN_DOCUMENTATION_COMMENTS = YES;
				CLANG_WARN_EMPTY_BODY = YES;
				CLANG_WARN_ENUM_CONVERSION = YES;
				CLANG_WARN_INFINITE_RECURSION = YES;
				CLANG_WARN_INT_CONVERSION = YES;
				CLANG_WARN_NON_LITERAL_NULL_CONVERSION = YES;
				CLANG_WARN_OBJC_IMPLICIT_RETAIN_SELF = YES;
				CLANG_WARN_OBJC_LITERAL_CONVERSION = YES;
				CLANG_WARN_OBJC_ROOT_CLASS = YES_ERROR;
				CLANG_WARN_QUOTED_INCLUDE_IN_FRAMEWORK_HEADER = YES;
				CLANG_WARN_RANGE_LOOP_ANALYSIS = YES;
				CLANG_WARN_STRICT_PROTOTYPES = YES;
				CLANG_WARN_SUSPICIOUS_MOVE = YES;
				CLANG_WARN_UNGUARDED_AVAILABILITY = YES_AGGRESSIVE;
				CLANG_WARN_UNREACHABLE_CODE = YES;
				CLANG_WARN__DUPLICATE_METHOD_MATCH = YES;
				COPY_PHASE_STRIP = NO;
				DEBUG_INFORMATION_FORMAT = "dwarf-with-dsym";
				ENABLE_NS_ASSERTIONS = NO;
				ENABLE_STRICT_OBJC_MSGSEND = YES;
				GCC_C_LANGUAGE_STANDARD = gnu11;
				GCC_NO_COMMON_BLOCKS = YES;
				GCC_WARN_64_TO_32_BIT_CONVERSION = YES;
				GCC_WARN_ABOUT_RETURN_TYPE = YES_ERROR;
				GCC_WARN_UNDECLARED_SELECTOR = YES;
				GCC_WARN_UNINITIALIZED_AUTOS = YES_AGGRESSIVE;
				GCC_WARN_UNUSED_FUNCTION = YES;
				GCC_WARN_UNUSED_VARIABLE = YES;
				IPHONEOS_DEPLOYMENT_TARGET = 16.2;
				MTL_ENABLE_DEBUG_INFO = NO;
				MTL_FAST_MATH = YES;
				SDKROOT = iphoneos;
				SWIFT_COMPILATION_MODE = wholemodule;
				SWIFT_OPTIMIZATION_LEVEL = "-O";
				VALIDATE_PRODUCT = YES;
			};
			name = Release;
		};
		A5705247299B6F2A00E22FD3 /* Debug */ = {
			isa = XCBuildConfiguration;
			baseConfigurationReference = 62AA5BB200FD9635AF5335A8 /* Pods-Clima.debug.xcconfig */;
			buildSettings = {
				ASSETCATALOG_COMPILER_APPICON_NAME = AppIcon;
				ASSETCATALOG_COMPILER_GLOBAL_ACCENT_COLOR_NAME = AccentColor;
				CODE_SIGN_STYLE = Automatic;
				CURRENT_PROJECT_VERSION = 1;
				DEVELOPMENT_TEAM = TWQL7PLAUC;
				GENERATE_INFOPLIST_FILE = YES;
				INFOPLIST_FILE = Clima/Info.plist;
				INFOPLIST_KEY_UIApplicationSupportsIndirectInputEvents = YES;
				INFOPLIST_KEY_UILaunchStoryboardName = LaunchScreen;
				INFOPLIST_KEY_UIMainStoryboardFile = Main;
				INFOPLIST_KEY_UISupportedInterfaceOrientations_iPad = "UIInterfaceOrientationPortrait UIInterfaceOrientationPortraitUpsideDown UIInterfaceOrientationLandscapeLeft UIInterfaceOrientationLandscapeRight";
				INFOPLIST_KEY_UISupportedInterfaceOrientations_iPhone = "UIInterfaceOrientationPortrait UIInterfaceOrientationLandscapeLeft UIInterfaceOrientationLandscapeRight";
				LD_RUNPATH_SEARCH_PATHS = (
					"$(inherited)",
					"@executable_path/Frameworks",
				);
				MARKETING_VERSION = 1.0;
				PRODUCT_BUNDLE_IDENTIFIER = "zvontsov-adadigital.ru.Clima";
				PRODUCT_NAME = "$(TARGET_NAME)";
				SWIFT_EMIT_LOC_STRINGS = YES;
				SWIFT_VERSION = 5.0;
				TARGETED_DEVICE_FAMILY = "1,2";
			};
			name = Debug;
		};
		A5705248299B6F2A00E22FD3 /* Release */ = {
			isa = XCBuildConfiguration;
			baseConfigurationReference = 620EFF7B32721EBAA67ECF46 /* Pods-Clima.release.xcconfig */;
			buildSettings = {
				ASSETCATALOG_COMPILER_APPICON_NAME = AppIcon;
				ASSETCATALOG_COMPILER_GLOBAL_ACCENT_COLOR_NAME = AccentColor;
				CODE_SIGN_STYLE = Automatic;
				CURRENT_PROJECT_VERSION = 1;
				DEVELOPMENT_TEAM = TWQL7PLAUC;
				GENERATE_INFOPLIST_FILE = YES;
				INFOPLIST_FILE = Clima/Info.plist;
				INFOPLIST_KEY_UIApplicationSupportsIndirectInputEvents = YES;
				INFOPLIST_KEY_UILaunchStoryboardName = LaunchScreen;
				INFOPLIST_KEY_UIMainStoryboardFile = Main;
				INFOPLIST_KEY_UISupportedInterfaceOrientations_iPad = "UIInterfaceOrientationPortrait UIInterfaceOrientationPortraitUpsideDown UIInterfaceOrientationLandscapeLeft UIInterfaceOrientationLandscapeRight";
				INFOPLIST_KEY_UISupportedInterfaceOrientations_iPhone = "UIInterfaceOrientationPortrait UIInterfaceOrientationLandscapeLeft UIInterfaceOrientationLandscapeRight";
				LD_RUNPATH_SEARCH_PATHS = (
					"$(inherited)",
					"@executable_path/Frameworks",
				);
				MARKETING_VERSION = 1.0;
				PRODUCT_BUNDLE_IDENTIFIER = "zvontsov-adadigital.ru.Clima";
				PRODUCT_NAME = "$(TARGET_NAME)";
				SWIFT_EMIT_LOC_STRINGS = YES;
				SWIFT_VERSION = 5.0;
				TARGETED_DEVICE_FAMILY = "1,2";
			};
			name = Release;
		};
		A570524A299B6F2A00E22FD3 /* Debug */ = {
			isa = XCBuildConfiguration;
			baseConfigurationReference = 0D9C1A1E6BC6162F40FD46BC /* Pods-ClimaTests.debug.xcconfig */;
			buildSettings = {
				ALWAYS_EMBED_SWIFT_STANDARD_LIBRARIES = YES;
				BUNDLE_LOADER = "$(TEST_HOST)";
				CODE_SIGN_STYLE = Automatic;
				CURRENT_PROJECT_VERSION = 1;
				DEVELOPMENT_TEAM = TWQL7PLAUC;
				GENERATE_INFOPLIST_FILE = YES;
				IPHONEOS_DEPLOYMENT_TARGET = 16.2;
				MARKETING_VERSION = 1.0;
				PRODUCT_BUNDLE_IDENTIFIER = "zvontsov-adadigital.ru.ClimaTests";
				PRODUCT_NAME = "$(TARGET_NAME)";
				SWIFT_EMIT_LOC_STRINGS = NO;
				SWIFT_VERSION = 5.0;
				TARGETED_DEVICE_FAMILY = "1,2";
				TEST_HOST = "$(BUILT_PRODUCTS_DIR)/Clima.app/$(BUNDLE_EXECUTABLE_FOLDER_PATH)/Clima";
			};
			name = Debug;
		};
		A570524B299B6F2A00E22FD3 /* Release */ = {
			isa = XCBuildConfiguration;
			baseConfigurationReference = 938894CD744B0382C794103B /* Pods-ClimaTests.release.xcconfig */;
			buildSettings = {
				ALWAYS_EMBED_SWIFT_STANDARD_LIBRARIES = YES;
				BUNDLE_LOADER = "$(TEST_HOST)";
				CODE_SIGN_STYLE = Automatic;
				CURRENT_PROJECT_VERSION = 1;
				DEVELOPMENT_TEAM = TWQL7PLAUC;
				GENERATE_INFOPLIST_FILE = YES;
				IPHONEOS_DEPLOYMENT_TARGET = 16.2;
				MARKETING_VERSION = 1.0;
				PRODUCT_BUNDLE_IDENTIFIER = "zvontsov-adadigital.ru.ClimaTests";
				PRODUCT_NAME = "$(TARGET_NAME)";
				SWIFT_EMIT_LOC_STRINGS = NO;
				SWIFT_VERSION = 5.0;
				TARGETED_DEVICE_FAMILY = "1,2";
				TEST_HOST = "$(BUILT_PRODUCTS_DIR)/Clima.app/$(BUNDLE_EXECUTABLE_FOLDER_PATH)/Clima";
			};
			name = Release;
		};
		A570524D299B6F2A00E22FD3 /* Debug */ = {
			isa = XCBuildConfiguration;
			baseConfigurationReference = C32138348F3DB6FE142626DC /* Pods-Clima-ClimaUITests.debug.xcconfig */;
			buildSettings = {
				ALWAYS_EMBED_SWIFT_STANDARD_LIBRARIES = YES;
				CODE_SIGN_STYLE = Automatic;
				CURRENT_PROJECT_VERSION = 1;
				DEVELOPMENT_TEAM = TWQL7PLAUC;
				GENERATE_INFOPLIST_FILE = YES;
				MARKETING_VERSION = 1.0;
				PRODUCT_BUNDLE_IDENTIFIER = "zvontsov-adadigital.ru.ClimaUITests";
				PRODUCT_NAME = "$(TARGET_NAME)";
				SWIFT_EMIT_LOC_STRINGS = NO;
				SWIFT_VERSION = 5.0;
				TARGETED_DEVICE_FAMILY = "1,2";
				TEST_TARGET_NAME = Clima;
			};
			name = Debug;
		};
		A570524E299B6F2A00E22FD3 /* Release */ = {
			isa = XCBuildConfiguration;
			baseConfigurationReference = 9B6CF62DC24C6BE37AFEED92 /* Pods-Clima-ClimaUITests.release.xcconfig */;
			buildSettings = {
				ALWAYS_EMBED_SWIFT_STANDARD_LIBRARIES = YES;
				CODE_SIGN_STYLE = Automatic;
				CURRENT_PROJECT_VERSION = 1;
				DEVELOPMENT_TEAM = TWQL7PLAUC;
				GENERATE_INFOPLIST_FILE = YES;
				MARKETING_VERSION = 1.0;
				PRODUCT_BUNDLE_IDENTIFIER = "zvontsov-adadigital.ru.ClimaUITests";
				PRODUCT_NAME = "$(TARGET_NAME)";
				SWIFT_EMIT_LOC_STRINGS = NO;
				SWIFT_VERSION = 5.0;
				TARGETED_DEVICE_FAMILY = "1,2";
				TEST_TARGET_NAME = Clima;
			};
			name = Release;
		};
/* End XCBuildConfiguration section */

/* Begin XCConfigurationList section */
		A5705217299B6F2900E22FD3 /* Build configuration list for PBXProject "Clima" */ = {
			isa = XCConfigurationList;
			buildConfigurations = (
				A5705244299B6F2A00E22FD3 /* Debug */,
				A5705245299B6F2A00E22FD3 /* Release */,
			);
			defaultConfigurationIsVisible = 0;
			defaultConfigurationName = Release;
		};
		A5705246299B6F2A00E22FD3 /* Build configuration list for PBXNativeTarget "Clima" */ = {
			isa = XCConfigurationList;
			buildConfigurations = (
				A5705247299B6F2A00E22FD3 /* Debug */,
				A5705248299B6F2A00E22FD3 /* Release */,
			);
			defaultConfigurationIsVisible = 0;
			defaultConfigurationName = Release;
		};
		A5705249299B6F2A00E22FD3 /* Build configuration list for PBXNativeTarget "ClimaTests" */ = {
			isa = XCConfigurationList;
			buildConfigurations = (
				A570524A299B6F2A00E22FD3 /* Debug */,
				A570524B299B6F2A00E22FD3 /* Release */,
			);
			defaultConfigurationIsVisible = 0;
			defaultConfigurationName = Release;
		};
		A570524C299B6F2A00E22FD3 /* Build configuration list for PBXNativeTarget "ClimaUITests" */ = {
			isa = XCConfigurationList;
			buildConfigurations = (
				A570524D299B6F2A00E22FD3 /* Debug */,
				A570524E299B6F2A00E22FD3 /* Release */,
			);
			defaultConfigurationIsVisible = 0;
			defaultConfigurationName = Release;
		};
/* End XCConfigurationList section */
	};
	rootObject = A5705214299B6F2900E22FD3 /* Project object */;
}
